
Microsoft Visual Studio Solution File, Format Version 12.00
# Visual Studio 2013
VisualStudioVersion = 12.0.40629.0
MinimumVisualStudioVersion = 10.0.40219.1
Project("{FAE04EC0-301F-11D3-BF4B-00C04F79EFBC}") = "SmartProject", "SmartProject\SmartProject.csproj", "{7A98E951-FDE5-420A-ADBA-7B23EF1B6E84}"
EndProject
Project("{FAE04EC0-301F-11D3-BF4B-00C04F79EFBC}") = "Diagramm", "Diagramm\Diagramm.csproj", "{7F96EFBF-1BD1-4D2D-B82A-A165E58E8B0C}"
EndProject
Project("{FAE04EC0-301F-11D3-BF4B-00C04F79EFBC}") = "View", "View\View.csproj", "{9C3B8EF5-8E28-47BF-8780-6C695EF387CC}"
EndProject
Project("{FAE04EC0-301F-11D3-BF4B-00C04F79EFBC}") = "SmartClient", "SmartClient\SmartClient.csproj", "{65A5876A-C599-4EB3-B5FE-BD5442B6076A}"
EndProject
Project("{D954291E-2A0B-460D-934E-DC6B0785DB48}") = "TestSmartProject", "TestSmartProject\TestSmartProject\TestSmartProject.shproj", "{894D3A05-1831-4E15-8F47-223D4F7EBB4E}"
EndProject
Project("{FAE04EC0-301F-11D3-BF4B-00C04F79EFBC}") = "TestSmartProject.Android", "TestSmartProject\TestSmartProject.Android\TestSmartProject.Android.csproj", "{555CC1F6-D9E0-4B1C-ADF6-C8AAE00FFE47}"
EndProject
Project("{FAE04EC0-301F-11D3-BF4B-00C04F79EFBC}") = "TestSmartProject.iOS", "TestSmartProject\TestSmartProject.iOS\TestSmartProject.iOS.csproj", "{C8B74254-6C72-404C-B99A-07CCF112D9C9}"
EndProject
Global
	GlobalSection(SharedMSBuildProjectFiles) = preSolution
		TestSmartProject\TestSmartProject\TestSmartProject.projitems*{c8b74254-6c72-404c-b99a-07ccf112d9c9}*SharedItemsImports = 4
		TestSmartProject\TestSmartProject\TestSmartProject.projitems*{894d3a05-1831-4e15-8f47-223d4f7ebb4e}*SharedItemsImports = 13
		TestSmartProject\TestSmartProject\TestSmartProject.projitems*{555cc1f6-d9e0-4b1c-adf6-c8aae00ffe47}*SharedItemsImports = 4
	EndGlobalSection
	GlobalSection(SolutionConfigurationPlatforms) = preSolution
		Ad-Hoc|Any CPU = Ad-Hoc|Any CPU
		Ad-Hoc|iPhone = Ad-Hoc|iPhone
		Ad-Hoc|iPhoneSimulator = Ad-Hoc|iPhoneSimulator
		Ad-Hoc|Mixed Platforms = Ad-Hoc|Mixed Platforms
		AppStore|Any CPU = AppStore|Any CPU
		AppStore|iPhone = AppStore|iPhone
		AppStore|iPhoneSimulator = AppStore|iPhoneSimulator
		AppStore|Mixed Platforms = AppStore|Mixed Platforms
		Debug|Any CPU = Debug|Any CPU
		Debug|iPhone = Debug|iPhone
		Debug|iPhoneSimulator = Debug|iPhoneSimulator
		Debug|Mixed Platforms = Debug|Mixed Platforms
		Release|Any CPU = Release|Any CPU
		Release|iPhone = Release|iPhone
		Release|iPhoneSimulator = Release|iPhoneSimulator
		Release|Mixed Platforms = Release|Mixed Platforms
	EndGlobalSection
	GlobalSection(ProjectConfigurationPlatforms) = postSolution
		{7A98E951-FDE5-420A-ADBA-7B23EF1B6E84}.Ad-Hoc|Any CPU.ActiveCfg = Release|Any CPU
		{7A98E951-FDE5-420A-ADBA-7B23EF1B6E84}.Ad-Hoc|Any CPU.Build.0 = Release|Any CPU
		{7A98E951-FDE5-420A-ADBA-7B23EF1B6E84}.Ad-Hoc|Any CPU.Deploy.0 = Release|Any CPU
		{7A98E951-FDE5-420A-ADBA-7B23EF1B6E84}.Ad-Hoc|iPhone.ActiveCfg = Release|Any CPU
		{7A98E951-FDE5-420A-ADBA-7B23EF1B6E84}.Ad-Hoc|iPhoneSimulator.ActiveCfg = Release|Any CPU
		{7A98E951-FDE5-420A-ADBA-7B23EF1B6E84}.Ad-Hoc|Mixed Platforms.ActiveCfg = Release|Any CPU
		{7A98E951-FDE5-420A-ADBA-7B23EF1B6E84}.Ad-Hoc|Mixed Platforms.Build.0 = Release|Any CPU
		{7A98E951-FDE5-420A-ADBA-7B23EF1B6E84}.Ad-Hoc|Mixed Platforms.Deploy.0 = Release|Any CPU
		{7A98E951-FDE5-420A-ADBA-7B23EF1B6E84}.AppStore|Any CPU.ActiveCfg = Release|Any CPU
		{7A98E951-FDE5-420A-ADBA-7B23EF1B6E84}.AppStore|Any CPU.Build.0 = Release|Any CPU
		{7A98E951-FDE5-420A-ADBA-7B23EF1B6E84}.AppStore|Any CPU.Deploy.0 = Release|Any CPU
		{7A98E951-FDE5-420A-ADBA-7B23EF1B6E84}.AppStore|iPhone.ActiveCfg = Release|Any CPU
		{7A98E951-FDE5-420A-ADBA-7B23EF1B6E84}.AppStore|iPhoneSimulator.ActiveCfg = Release|Any CPU
		{7A98E951-FDE5-420A-ADBA-7B23EF1B6E84}.AppStore|Mixed Platforms.ActiveCfg = Release|Any CPU
		{7A98E951-FDE5-420A-ADBA-7B23EF1B6E84}.AppStore|Mixed Platforms.Build.0 = Release|Any CPU
		{7A98E951-FDE5-420A-ADBA-7B23EF1B6E84}.AppStore|Mixed Platforms.Deploy.0 = Release|Any CPU
		{7A98E951-FDE5-420A-ADBA-7B23EF1B6E84}.Debug|Any CPU.ActiveCfg = Debug|Any CPU
		{7A98E951-FDE5-420A-ADBA-7B23EF1B6E84}.Debug|Any CPU.Build.0 = Debug|Any CPU
		{7A98E951-FDE5-420A-ADBA-7B23EF1B6E84}.Debug|Any CPU.Deploy.0 = Debug|Any CPU
		{7A98E951-FDE5-420A-ADBA-7B23EF1B6E84}.Debug|iPhone.ActiveCfg = Debug|Any CPU
		{7A98E951-FDE5-420A-ADBA-7B23EF1B6E84}.Debug|iPhoneSimulator.ActiveCfg = Debug|Any CPU
		{7A98E951-FDE5-420A-ADBA-7B23EF1B6E84}.Debug|Mixed Platforms.ActiveCfg = Debug|Any CPU
		{7A98E951-FDE5-420A-ADBA-7B23EF1B6E84}.Debug|Mixed Platforms.Build.0 = Debug|Any CPU
		{7A98E951-FDE5-420A-ADBA-7B23EF1B6E84}.Debug|Mixed Platforms.Deploy.0 = Debug|Any CPU
		{7A98E951-FDE5-420A-ADBA-7B23EF1B6E84}.Release|Any CPU.ActiveCfg = Release|Any CPU
		{7A98E951-FDE5-420A-ADBA-7B23EF1B6E84}.Release|Any CPU.Build.0 = Release|Any CPU
		{7A98E951-FDE5-420A-ADBA-7B23EF1B6E84}.Release|Any CPU.Deploy.0 = Release|Any CPU
		{7A98E951-FDE5-420A-ADBA-7B23EF1B6E84}.Release|iPhone.ActiveCfg = Release|Any CPU
		{7A98E951-FDE5-420A-ADBA-7B23EF1B6E84}.Release|iPhoneSimulator.ActiveCfg = Release|Any CPU
		{7A98E951-FDE5-420A-ADBA-7B23EF1B6E84}.Release|Mixed Platforms.ActiveCfg = Release|Any CPU
		{7A98E951-FDE5-420A-ADBA-7B23EF1B6E84}.Release|Mixed Platforms.Build.0 = Release|Any CPU
		{7A98E951-FDE5-420A-ADBA-7B23EF1B6E84}.Release|Mixed Platforms.Deploy.0 = Release|Any CPU
		{7F96EFBF-1BD1-4D2D-B82A-A165E58E8B0C}.Ad-Hoc|Any CPU.ActiveCfg = Release|Any CPU
		{7F96EFBF-1BD1-4D2D-B82A-A165E58E8B0C}.Ad-Hoc|Any CPU.Build.0 = Release|Any CPU
		{7F96EFBF-1BD1-4D2D-B82A-A165E58E8B0C}.Ad-Hoc|iPhone.ActiveCfg = Release|Any CPU
		{7F96EFBF-1BD1-4D2D-B82A-A165E58E8B0C}.Ad-Hoc|iPhoneSimulator.ActiveCfg = Release|Any CPU
		{7F96EFBF-1BD1-4D2D-B82A-A165E58E8B0C}.Ad-Hoc|Mixed Platforms.ActiveCfg = Release|Any CPU
		{7F96EFBF-1BD1-4D2D-B82A-A165E58E8B0C}.Ad-Hoc|Mixed Platforms.Build.0 = Release|Any CPU
		{7F96EFBF-1BD1-4D2D-B82A-A165E58E8B0C}.AppStore|Any CPU.ActiveCfg = Release|Any CPU
		{7F96EFBF-1BD1-4D2D-B82A-A165E58E8B0C}.AppStore|Any CPU.Build.0 = Release|Any CPU
		{7F96EFBF-1BD1-4D2D-B82A-A165E58E8B0C}.AppStore|iPhone.ActiveCfg = Release|Any CPU
		{7F96EFBF-1BD1-4D2D-B82A-A165E58E8B0C}.AppStore|iPhoneSimulator.ActiveCfg = Release|Any CPU
		{7F96EFBF-1BD1-4D2D-B82A-A165E58E8B0C}.AppStore|Mixed Platforms.ActiveCfg = Release|Any CPU
		{7F96EFBF-1BD1-4D2D-B82A-A165E58E8B0C}.AppStore|Mixed Platforms.Build.0 = Release|Any CPU
		{7F96EFBF-1BD1-4D2D-B82A-A165E58E8B0C}.Debug|Any CPU.ActiveCfg = Debug|Any CPU
		{7F96EFBF-1BD1-4D2D-B82A-A165E58E8B0C}.Debug|Any CPU.Build.0 = Debug|Any CPU
		{7F96EFBF-1BD1-4D2D-B82A-A165E58E8B0C}.Debug|iPhone.ActiveCfg = Debug|Any CPU
		{7F96EFBF-1BD1-4D2D-B82A-A165E58E8B0C}.Debug|iPhoneSimulator.ActiveCfg = Debug|Any CPU
		{7F96EFBF-1BD1-4D2D-B82A-A165E58E8B0C}.Debug|Mixed Platforms.ActiveCfg = Debug|Any CPU
		{7F96EFBF-1BD1-4D2D-B82A-A165E58E8B0C}.Debug|Mixed Platforms.Build.0 = Debug|Any CPU
		{7F96EFBF-1BD1-4D2D-B82A-A165E58E8B0C}.Release|Any CPU.ActiveCfg = Release|Any CPU
		{7F96EFBF-1BD1-4D2D-B82A-A165E58E8B0C}.Release|Any CPU.Build.0 = Release|Any CPU
		{7F96EFBF-1BD1-4D2D-B82A-A165E58E8B0C}.Release|iPhone.ActiveCfg = Release|Any CPU
		{7F96EFBF-1BD1-4D2D-B82A-A165E58E8B0C}.Release|iPhoneSimulator.ActiveCfg = Release|Any CPU
		{7F96EFBF-1BD1-4D2D-B82A-A165E58E8B0C}.Release|Mixed Platforms.ActiveCfg = Release|Any CPU
		{7F96EFBF-1BD1-4D2D-B82A-A165E58E8B0C}.Release|Mixed Platforms.Build.0 = Release|Any CPU
		{9C3B8EF5-8E28-47BF-8780-6C695EF387CC}.Ad-Hoc|Any CPU.ActiveCfg = Release|Any CPU
		{9C3B8EF5-8E28-47BF-8780-6C695EF387CC}.Ad-Hoc|Any CPU.Build.0 = Release|Any CPU
		{9C3B8EF5-8E28-47BF-8780-6C695EF387CC}.Ad-Hoc|iPhone.ActiveCfg = Release|Any CPU
		{9C3B8EF5-8E28-47BF-8780-6C695EF387CC}.Ad-Hoc|iPhoneSimulator.ActiveCfg = Release|Any CPU
		{9C3B8EF5-8E28-47BF-8780-6C695EF387CC}.Ad-Hoc|Mixed Platforms.ActiveCfg = Release|Any CPU
		{9C3B8EF5-8E28-47BF-8780-6C695EF387CC}.Ad-Hoc|Mixed Platforms.Build.0 = Release|Any CPU
		{9C3B8EF5-8E28-47BF-8780-6C695EF387CC}.AppStore|Any CPU.ActiveCfg = Release|Any CPU
		{9C3B8EF5-8E28-47BF-8780-6C695EF387CC}.AppStore|Any CPU.Build.0 = Release|Any CPU
		{9C3B8EF5-8E28-47BF-8780-6C695EF387CC}.AppStore|iPhone.ActiveCfg = Release|Any CPU
		{9C3B8EF5-8E28-47BF-8780-6C695EF387CC}.AppStore|iPhoneSimulator.ActiveCfg = Release|Any CPU
		{9C3B8EF5-8E28-47BF-8780-6C695EF387CC}.AppStore|Mixed Platforms.ActiveCfg = Release|Any CPU
		{9C3B8EF5-8E28-47BF-8780-6C695EF387CC}.AppStore|Mixed Platforms.Build.0 = Release|Any CPU
		{9C3B8EF5-8E28-47BF-8780-6C695EF387CC}.Debug|Any CPU.ActiveCfg = Debug|Any CPU
		{9C3B8EF5-8E28-47BF-8780-6C695EF387CC}.Debug|Any CPU.Build.0 = Debug|Any CPU
		{9C3B8EF5-8E28-47BF-8780-6C695EF387CC}.Debug|iPhone.ActiveCfg = Debug|Any CPU
		{9C3B8EF5-8E28-47BF-8780-6C695EF387CC}.Debug|iPhoneSimulator.ActiveCfg = Debug|Any CPU
		{9C3B8EF5-8E28-47BF-8780-6C695EF387CC}.Debug|Mixed Platforms.ActiveCfg = Debug|Any CPU
		{9C3B8EF5-8E28-47BF-8780-6C695EF387CC}.Debug|Mixed Platforms.Build.0 = Debug|Any CPU
		{9C3B8EF5-8E28-47BF-8780-6C695EF387CC}.Release|Any CPU.ActiveCfg = Release|Any CPU
		{9C3B8EF5-8E28-47BF-8780-6C695EF387CC}.Release|Any CPU.Build.0 = Release|Any CPU
		{9C3B8EF5-8E28-47BF-8780-6C695EF387CC}.Release|iPhone.ActiveCfg = Release|Any CPU
		{9C3B8EF5-8E28-47BF-8780-6C695EF387CC}.Release|iPhoneSimulator.ActiveCfg = Release|Any CPU
		{9C3B8EF5-8E28-47BF-8780-6C695EF387CC}.Release|Mixed Platforms.ActiveCfg = Release|Any CPU
		{9C3B8EF5-8E28-47BF-8780-6C695EF387CC}.Release|Mixed Platforms.Build.0 = Release|Any CPU
		{65A5876A-C599-4EB3-B5FE-BD5442B6076A}.Ad-Hoc|Any CPU.ActiveCfg = Release|Any CPU
		{65A5876A-C599-4EB3-B5FE-BD5442B6076A}.Ad-Hoc|Any CPU.Build.0 = Release|Any CPU
		{65A5876A-C599-4EB3-B5FE-BD5442B6076A}.Ad-Hoc|Any CPU.Deploy.0 = Release|Any CPU
		{65A5876A-C599-4EB3-B5FE-BD5442B6076A}.Ad-Hoc|iPhone.ActiveCfg = Release|Any CPU
		{65A5876A-C599-4EB3-B5FE-BD5442B6076A}.Ad-Hoc|iPhoneSimulator.ActiveCfg = Release|Any CPU
		{65A5876A-C599-4EB3-B5FE-BD5442B6076A}.Ad-Hoc|Mixed Platforms.ActiveCfg = Release|Any CPU
		{65A5876A-C599-4EB3-B5FE-BD5442B6076A}.Ad-Hoc|Mixed Platforms.Build.0 = Release|Any CPU
		{65A5876A-C599-4EB3-B5FE-BD5442B6076A}.Ad-Hoc|Mixed Platforms.Deploy.0 = Release|Any CPU
		{65A5876A-C599-4EB3-B5FE-BD5442B6076A}.AppStore|Any CPU.ActiveCfg = Release|Any CPU
		{65A5876A-C599-4EB3-B5FE-BD5442B6076A}.AppStore|Any CPU.Build.0 = Release|Any CPU
		{65A5876A-C599-4EB3-B5FE-BD5442B6076A}.AppStore|Any CPU.Deploy.0 = Release|Any CPU
		{65A5876A-C599-4EB3-B5FE-BD5442B6076A}.AppStore|iPhone.ActiveCfg = Release|Any CPU
		{65A5876A-C599-4EB3-B5FE-BD5442B6076A}.AppStore|iPhoneSimulator.ActiveCfg = Release|Any CPU
		{65A5876A-C599-4EB3-B5FE-BD5442B6076A}.AppStore|Mixed Platforms.ActiveCfg = Release|Any CPU
		{65A5876A-C599-4EB3-B5FE-BD5442B6076A}.AppStore|Mixed Platforms.Build.0 = Release|Any CPU
		{65A5876A-C599-4EB3-B5FE-BD5442B6076A}.AppStore|Mixed Platforms.Deploy.0 = Release|Any CPU
		{65A5876A-C599-4EB3-B5FE-BD5442B6076A}.Debug|Any CPU.ActiveCfg = Debug|Any CPU
		{65A5876A-C599-4EB3-B5FE-BD5442B6076A}.Debug|Any CPU.Build.0 = Debug|Any CPU
		{65A5876A-C599-4EB3-B5FE-BD5442B6076A}.Debug|Any CPU.Deploy.0 = Debug|Any CPU
		{65A5876A-C599-4EB3-B5FE-BD5442B6076A}.Debug|iPhone.ActiveCfg = Debug|Any CPU
		{65A5876A-C599-4EB3-B5FE-BD5442B6076A}.Debug|iPhoneSimulator.ActiveCfg = Debug|Any CPU
		{65A5876A-C599-4EB3-B5FE-BD5442B6076A}.Debug|Mixed Platforms.ActiveCfg = Debug|Any CPU
		{65A5876A-C599-4EB3-B5FE-BD5442B6076A}.Debug|Mixed Platforms.Build.0 = Debug|Any CPU
		{65A5876A-C599-4EB3-B5FE-BD5442B6076A}.Debug|Mixed Platforms.Deploy.0 = Debug|Any CPU
		{65A5876A-C599-4EB3-B5FE-BD5442B6076A}.Release|Any CPU.ActiveCfg = Release|Any CPU
		{65A5876A-C599-4EB3-B5FE-BD5442B6076A}.Release|Any CPU.Build.0 = Release|Any CPU
		{65A5876A-C599-4EB3-B5FE-BD5442B6076A}.Release|Any CPU.Deploy.0 = Release|Any CPU
		{65A5876A-C599-4EB3-B5FE-BD5442B6076A}.Release|iPhone.ActiveCfg = Release|Any CPU
		{65A5876A-C599-4EB3-B5FE-BD5442B6076A}.Release|iPhoneSimulator.ActiveCfg = Release|Any CPU
		{65A5876A-C599-4EB3-B5FE-BD5442B6076A}.Release|Mixed Platforms.ActiveCfg = Release|Any CPU
		{65A5876A-C599-4EB3-B5FE-BD5442B6076A}.Release|Mixed Platforms.Build.0 = Release|Any CPU
		{65A5876A-C599-4EB3-B5FE-BD5442B6076A}.Release|Mixed Platforms.Deploy.0 = Release|Any CPU
		{555CC1F6-D9E0-4B1C-ADF6-C8AAE00FFE47}.Ad-Hoc|Any CPU.ActiveCfg = Release|Any CPU
		{555CC1F6-D9E0-4B1C-ADF6-C8AAE00FFE47}.Ad-Hoc|Any CPU.Build.0 = Release|Any CPU
		{555CC1F6-D9E0-4B1C-ADF6-C8AAE00FFE47}.Ad-Hoc|Any CPU.Deploy.0 = Release|Any CPU
		{555CC1F6-D9E0-4B1C-ADF6-C8AAE00FFE47}.Ad-Hoc|iPhone.ActiveCfg = Release|Any CPU
		{555CC1F6-D9E0-4B1C-ADF6-C8AAE00FFE47}.Ad-Hoc|iPhoneSimulator.ActiveCfg = Release|Any CPU
		{555CC1F6-D9E0-4B1C-ADF6-C8AAE00FFE47}.Ad-Hoc|Mixed Platforms.ActiveCfg = Release|Any CPU
		{555CC1F6-D9E0-4B1C-ADF6-C8AAE00FFE47}.Ad-Hoc|Mixed Platforms.Build.0 = Release|Any CPU
		{555CC1F6-D9E0-4B1C-ADF6-C8AAE00FFE47}.Ad-Hoc|Mixed Platforms.Deploy.0 = Release|Any CPU
		{555CC1F6-D9E0-4B1C-ADF6-C8AAE00FFE47}.AppStore|Any CPU.ActiveCfg = Release|Any CPU
		{555CC1F6-D9E0-4B1C-ADF6-C8AAE00FFE47}.AppStore|Any CPU.Build.0 = Release|Any CPU
		{555CC1F6-D9E0-4B1C-ADF6-C8AAE00FFE47}.AppStore|Any CPU.Deploy.0 = Release|Any CPU
		{555CC1F6-D9E0-4B1C-ADF6-C8AAE00FFE47}.AppStore|iPhone.ActiveCfg = Release|Any CPU
		{555CC1F6-D9E0-4B1C-ADF6-C8AAE00FFE47}.AppStore|iPhoneSimulator.ActiveCfg = Release|Any CPU
		{555CC1F6-D9E0-4B1C-ADF6-C8AAE00FFE47}.AppStore|Mixed Platforms.ActiveCfg = Release|Any CPU
		{555CC1F6-D9E0-4B1C-ADF6-C8AAE00FFE47}.AppStore|Mixed Platforms.Build.0 = Release|Any CPU
		{555CC1F6-D9E0-4B1C-ADF6-C8AAE00FFE47}.AppStore|Mixed Platforms.Deploy.0 = Release|Any CPU
		{555CC1F6-D9E0-4B1C-ADF6-C8AAE00FFE47}.Debug|Any CPU.ActiveCfg = Debug|Any CPU
		{555CC1F6-D9E0-4B1C-ADF6-C8AAE00FFE47}.Debug|Any CPU.Build.0 = Debug|Any CPU
		{555CC1F6-D9E0-4B1C-ADF6-C8AAE00FFE47}.Debug|Any CPU.Deploy.0 = Debug|Any CPU
		{555CC1F6-D9E0-4B1C-ADF6-C8AAE00FFE47}.Debug|iPhone.ActiveCfg = Debug|Any CPU
		{555CC1F6-D9E0-4B1C-ADF6-C8AAE00FFE47}.Debug|iPhoneSimulator.ActiveCfg = Debug|Any CPU
		{555CC1F6-D9E0-4B1C-ADF6-C8AAE00FFE47}.Debug|Mixed Platforms.ActiveCfg = Debug|Any CPU
		{555CC1F6-D9E0-4B1C-ADF6-C8AAE00FFE47}.Debug|Mixed Platforms.Build.0 = Debug|Any CPU
		{555CC1F6-D9E0-4B1C-ADF6-C8AAE00FFE47}.Debug|Mixed Platforms.Deploy.0 = Debug|Any CPU
		{555CC1F6-D9E0-4B1C-ADF6-C8AAE00FFE47}.Release|Any CPU.ActiveCfg = Release|Any CPU
		{555CC1F6-D9E0-4B1C-ADF6-C8AAE00FFE47}.Release|Any CPU.Build.0 = Release|Any CPU
		{555CC1F6-D9E0-4B1C-ADF6-C8AAE00FFE47}.Release|Any CPU.Deploy.0 = Release|Any CPU
		{555CC1F6-D9E0-4B1C-ADF6-C8AAE00FFE47}.Release|iPhone.ActiveCfg = Release|Any CPU
		{555CC1F6-D9E0-4B1C-ADF6-C8AAE00FFE47}.Release|iPhoneSimulator.ActiveCfg = Release|Any CPU
		{555CC1F6-D9E0-4B1C-ADF6-C8AAE00FFE47}.Release|Mixed Platforms.ActiveCfg = Release|Any CPU
		{555CC1F6-D9E0-4B1C-ADF6-C8AAE00FFE47}.Release|Mixed Platforms.Build.0 = Release|Any CPU
		{555CC1F6-D9E0-4B1C-ADF6-C8AAE00FFE47}.Release|Mixed Platforms.Deploy.0 = Release|Any CPU
		{C8B74254-6C72-404C-B99A-07CCF112D9C9}.Ad-Hoc|Any CPU.ActiveCfg = Ad-Hoc|iPhone
		{C8B74254-6C72-404C-B99A-07CCF112D9C9}.Ad-Hoc|iPhone.ActiveCfg = Ad-Hoc|iPhone
		{C8B74254-6C72-404C-B99A-07CCF112D9C9}.Ad-Hoc|iPhone.Build.0 = Ad-Hoc|iPhone
		{C8B74254-6C72-404C-B99A-07CCF112D9C9}.Ad-Hoc|iPhoneSimulator.ActiveCfg = Ad-Hoc|iPhoneSimulator
		{C8B74254-6C72-404C-B99A-07CCF112D9C9}.Ad-Hoc|iPhoneSimulator.Build.0 = Ad-Hoc|iPhoneSimulator
		{C8B74254-6C72-404C-B99A-07CCF112D9C9}.Ad-Hoc|Mixed Platforms.ActiveCfg = Ad-Hoc|iPhone
		{C8B74254-6C72-404C-B99A-07CCF112D9C9}.Ad-Hoc|Mixed Platforms.Build.0 = Ad-Hoc|iPhone
		{C8B74254-6C72-404C-B99A-07CCF112D9C9}.AppStore|Any CPU.ActiveCfg = AppStore|iPhone
		{C8B74254-6C72-404C-B99A-07CCF112D9C9}.AppStore|iPhone.ActiveCfg = AppStore|iPhone
		{C8B74254-6C72-404C-B99A-07CCF112D9C9}.AppStore|iPhone.Build.0 = AppStore|iPhone
		{C8B74254-6C72-404C-B99A-07CCF112D9C9}.AppStore|iPhoneSimulator.ActiveCfg = AppStore|iPhoneSimulator
		{C8B74254-6C72-404C-B99A-07CCF112D9C9}.AppStore|iPhoneSimulator.Build.0 = AppStore|iPhoneSimulator
		{C8B74254-6C72-404C-B99A-07CCF112D9C9}.AppStore|Mixed Platforms.ActiveCfg = AppStore|iPhone
		{C8B74254-6C72-404C-B99A-07CCF112D9C9}.AppStore|Mixed Platforms.Build.0 = AppStore|iPhone
		{C8B74254-6C72-404C-B99A-07CCF112D9C9}.Debug|Any CPU.ActiveCfg = Debug|iPhone
		{C8B74254-6C72-404C-B99A-07CCF112D9C9}.Debug|iPhone.ActiveCfg = Debug|iPhone
		{C8B74254-6C72-404C-B99A-07CCF112D9C9}.Debug|iPhone.Build.0 = Debug|iPhone
		{C8B74254-6C72-404C-B99A-07CCF112D9C9}.Debug|iPhoneSimulator.ActiveCfg = Debug|iPhoneSimulator
		{C8B74254-6C72-404C-B99A-07CCF112D9C9}.Debug|iPhoneSimulator.Build.0 = Debug|iPhoneSimulator
		{C8B74254-6C72-404C-B99A-07CCF112D9C9}.Debug|Mixed Platforms.ActiveCfg = Debug|iPhone
		{C8B74254-6C72-404C-B99A-07CCF112D9C9}.Debug|Mixed Platforms.Build.0 = Debug|iPhone
		{C8B74254-6C72-404C-B99A-07CCF112D9C9}.Release|Any CPU.ActiveCfg = Release|iPhone
		{C8B74254-6C72-404C-B99A-07CCF112D9C9}.Release|iPhone.ActiveCfg = Release|iPhone
		{C8B74254-6C72-404C-B99A-07CCF112D9C9}.Release|iPhone.Build.0 = Release|iPhone
		{C8B74254-6C72-404C-B99A-07CCF112D9C9}.Release|iPhoneSimulator.ActiveCfg = Release|iPhoneSimulator
		{C8B74254-6C72-404C-B99A-07CCF112D9C9}.Release|iPhoneSimulator.Build.0 = Release|iPhoneSimulator
		{C8B74254-6C72-404C-B99A-07CCF112D9C9}.Release|Mixed Platforms.ActiveCfg = Release|iPhone
		{C8B74254-6C72-404C-B99A-07CCF112D9C9}.Release|Mixed Platforms.Build.0 = Release|iPhone
	EndGlobalSection
	GlobalSection(SolutionProperties) = preSolution
		HideSolutionNode = FALSE
	EndGlobalSection
EndGlobal
